{
  "name": "@wesdom-cli/core",
  "version": "1.0.6",
  "lockfileVersion": 2,
  "requires": true,
  "packages": {
    "": {
      "name": "@wesdom-cli/core",
      "version": "1.0.2",
      "license": "ISC",
      "dependencies": {
        "@wesdom-cli/utils": "^1.0.1"
      }
    },
    "../utils": {
      "name": "@wesdom-cli/utils",
      "version": "1.0.1",
      "license": "ISC"
    },
    "node_modules/@wesdom-cli/utils": {
      "resolved": "../utils",
      "link": true
    }
  },
  "dependencies": {
    "@wesdom-cli/utils": {
      "version": "file:../utils"
    }
  }
}
